
Microsoft Visual Studio Solution File, Format Version 12.00
# Visual Studio Version 17
VisualStudioVersion = 17.4.33205.214
MinimumVisualStudioVersion = 10.0.40219.1
Project("{FAE04EC0-301F-11D3-BF4B-00C04F79EFBC}") = "MvcMovie", "MvcMovie\MvcMovie.csproj", "{A2B8A7A7-65EE-41FD-8FC1-423CF9A357B0}"
EndProject
Global
	GlobalSection(SolutionConfigurationPlatforms) = preSolution
		Debug|Any CPU = Debug|Any CPU
		Release|Any CPU = Release|Any CPU
	EndGlobalSection
	GlobalSection(ProjectConfigurationPlatforms) = postSolution
		{A2B8A7A7-65EE-41FD-8FC1-423CF9A357B0}.Debug|Any CPU.ActiveCfg = Debug|Any CPU
		{A2B8A7A7-65EE-41FD-8FC1-423CF9A357B0}.Debug|Any CPU.Build.0 = Debug|Any CPU
		{A2B8A7A7-65EE-41FD-8FC1-423CF9A357B0}.Release|Any CPU.ActiveCfg = Release|Any CPU
		{A2B8A7A7-65EE-41FD-8FC1-423CF9A357B0}.Release|Any CPU.Build.0 = Release|Any CPU
	EndGlobalSection
	GlobalSection(SolutionProperties) = preSolution
		HideSolutionNode = FALSE
	EndGlobalSection
	GlobalSection(ExtensibilityGlobals) = postSolution
		SolutionGuid = {C88BA861-86FB-4CFE-A6F5-CD0169BC5AB7}
	EndGlobalSection
EndGlobal
